
Microsoft Visual Studio Solution File, Format Version 12.00
# Visual Studio 15
VisualStudioVersion = 15.0.27703.2018
MinimumVisualStudioVersion = 10.0.40219.1
Project("{2150E333-8FDC-42A3-9474-1A3956D46DE8}") = "Framework", "Framework", "{700B487E-7628-45AF-801A-79F219B8C3E6}"
EndProject
Project("{FAE04EC0-301F-11D3-BF4B-00C04F79EFBC}") = "PrivateObjectFramework", "Framework\PrivateObjectFramework\PrivateObjectFramework.csproj", "{DC16DB50-E793-403B-A23B-F6EEA261DB71}"
EndProject
Project("{2150E333-8FDC-42A3-9474-1A3956D46DE8}") = ".netstandard", ".netstandard", "{67938FC2-C6B4-4DAE-9547-5CF8F280567E}"
EndProject
Project("{9A19103F-16F7-4668-BE54-9A1E7A4F7556}") = "PrivateObjectStandard", "Standard\PrivateObjectStandard\PrivateObjectStandard.csproj", "{E4964D11-6AFD-4EF9-A9B5-88F5D3486F77}"
EndProject
Project("{FAE04EC0-301F-11D3-BF4B-00C04F79EFBC}") = "PrivateObjectFrameworkTest", "Framework\PrivateObjectFrameworkTest\PrivateObjectFrameworkTest.csproj", "{52913E2D-7EAC-4DA9-A1C2-5392C4E5ED13}"
EndProject
Project("{FAE04EC0-301F-11D3-BF4B-00C04F79EFBC}") = "PrivateObjectStandardTest", "Standard\Standard.PrivateObjectStandard\PrivateObjectStandardTest.csproj", "{26935137-FF16-49C7-8CB3-036965A72256}"
EndProject
Global
	GlobalSection(SolutionConfigurationPlatforms) = preSolution
		Debug|Any CPU = Debug|Any CPU
		Release|Any CPU = Release|Any CPU
	EndGlobalSection
	GlobalSection(ProjectConfigurationPlatforms) = postSolution
		{DC16DB50-E793-403B-A23B-F6EEA261DB71}.Debug|Any CPU.ActiveCfg = Debug|Any CPU
		{DC16DB50-E793-403B-A23B-F6EEA261DB71}.Debug|Any CPU.Build.0 = Debug|Any CPU
		{DC16DB50-E793-403B-A23B-F6EEA261DB71}.Release|Any CPU.ActiveCfg = Release|Any CPU
		{DC16DB50-E793-403B-A23B-F6EEA261DB71}.Release|Any CPU.Build.0 = Release|Any CPU
		{E4964D11-6AFD-4EF9-A9B5-88F5D3486F77}.Debug|Any CPU.ActiveCfg = Debug|Any CPU
		{E4964D11-6AFD-4EF9-A9B5-88F5D3486F77}.Debug|Any CPU.Build.0 = Debug|Any CPU
		{E4964D11-6AFD-4EF9-A9B5-88F5D3486F77}.Release|Any CPU.ActiveCfg = Release|Any CPU
		{E4964D11-6AFD-4EF9-A9B5-88F5D3486F77}.Release|Any CPU.Build.0 = Release|Any CPU
		{52913E2D-7EAC-4DA9-A1C2-5392C4E5ED13}.Debug|Any CPU.ActiveCfg = Debug|Any CPU
		{52913E2D-7EAC-4DA9-A1C2-5392C4E5ED13}.Debug|Any CPU.Build.0 = Debug|Any CPU
		{52913E2D-7EAC-4DA9-A1C2-5392C4E5ED13}.Release|Any CPU.ActiveCfg = Release|Any CPU
		{52913E2D-7EAC-4DA9-A1C2-5392C4E5ED13}.Release|Any CPU.Build.0 = Release|Any CPU
		{26935137-FF16-49C7-8CB3-036965A72256}.Debug|Any CPU.ActiveCfg = Debug|Any CPU
		{26935137-FF16-49C7-8CB3-036965A72256}.Debug|Any CPU.Build.0 = Debug|Any CPU
		{26935137-FF16-49C7-8CB3-036965A72256}.Release|Any CPU.ActiveCfg = Release|Any CPU
		{26935137-FF16-49C7-8CB3-036965A72256}.Release|Any CPU.Build.0 = Release|Any CPU
	EndGlobalSection
	GlobalSection(SolutionProperties) = preSolution
		HideSolutionNode = FALSE
	EndGlobalSection
	GlobalSection(NestedProjects) = preSolution
		{DC16DB50-E793-403B-A23B-F6EEA261DB71} = {700B487E-7628-45AF-801A-79F219B8C3E6}
		{E4964D11-6AFD-4EF9-A9B5-88F5D3486F77} = {67938FC2-C6B4-4DAE-9547-5CF8F280567E}
		{52913E2D-7EAC-4DA9-A1C2-5392C4E5ED13} = {700B487E-7628-45AF-801A-79F219B8C3E6}
		{26935137-FF16-49C7-8CB3-036965A72256} = {67938FC2-C6B4-4DAE-9547-5CF8F280567E}
	EndGlobalSection
	GlobalSection(ExtensibilityGlobals) = postSolution
		SolutionGuid = {DDA99937-EC32-48ED-8EF3-BCC8D1AD9C3B}
	EndGlobalSection
EndGlobal
